// !$*UTF8*$!
{
	archiveVersion = 1;
	classes = {
	};
	objectVersion = 46;
	objects = {

/* Begin PBXBuildFile section */
		BB608BD8151CA5EA009B9031 /* make_itunes_playlist.1 in CopyFiles */ = {isa = PBXBuildFile; fileRef = BBE65CE1151C865500D11CAC /* make_itunes_playlist.1 */; };
		BB6A6E22151BCD4100D702EA /* Foundation.framework in Frameworks */ = {isa = PBXBuildFile; fileRef = BBE11CE9151BBF95000F6BA5 /* Foundation.framework */; };
		BB6A6E25151BCD4100D702EA /* main.m in Sources */ = {isa = PBXBuildFile; fileRef = BB6A6E24151BCD4100D702EA /* main.m */; };
		BB6A6E2E151BCD5600D702EA /* ScriptingBridge.framework in Frameworks */ = {isa = PBXBuildFile; fileRef = BBE11D4C151BC178000F6BA5 /* ScriptingBridge.framework */; };
		BBE11CFD151BBFA8000F6BA5 /* Foundation.framework in Frameworks */ = {isa = PBXBuildFile; fileRef = BBE11CE9151BBF95000F6BA5 /* Foundation.framework */; };
		BBE11D00151BBFA8000F6BA5 /* main.m in Sources */ = {isa = PBXBuildFile; fileRef = BBE11CFF151BBFA8000F6BA5 /* main.m */; };
		BBE11D12151BC024000F6BA5 /* Foundation.framework in Frameworks */ = {isa = PBXBuildFile; fileRef = BBE11CE9151BBF95000F6BA5 /* Foundation.framework */; };
		BBE11D15151BC024000F6BA5 /* main.m in Sources */ = {isa = PBXBuildFile; fileRef = BBE11D14151BC024000F6BA5 /* main.m */; };
		BBE11D2B151BC08A000F6BA5 /* Foundation.framework in Frameworks */ = {isa = PBXBuildFile; fileRef = BBE11CE9151BBF95000F6BA5 /* Foundation.framework */; };
		BBE11D2E151BC08A000F6BA5 /* main.m in Sources */ = {isa = PBXBuildFile; fileRef = BBE11D2D151BC08A000F6BA5 /* main.m */; };
		BBE11D40151BC0CC000F6BA5 /* Foundation.framework in Frameworks */ = {isa = PBXBuildFile; fileRef = BBE11CE9151BBF95000F6BA5 /* Foundation.framework */; };
		BBE11D43151BC0CC000F6BA5 /* main.m in Sources */ = {isa = PBXBuildFile; fileRef = BBE11D42151BC0CC000F6BA5 /* main.m */; };
		BBE11D4D151BC178000F6BA5 /* ScriptingBridge.framework in Frameworks */ = {isa = PBXBuildFile; fileRef = BBE11D4C151BC178000F6BA5 /* ScriptingBridge.framework */; };
		BBE11D4E151BC181000F6BA5 /* ScriptingBridge.framework in Frameworks */ = {isa = PBXBuildFile; fileRef = BBE11D4C151BC178000F6BA5 /* ScriptingBridge.framework */; };
		BBE11D4F151BC188000F6BA5 /* ScriptingBridge.framework in Frameworks */ = {isa = PBXBuildFile; fileRef = BBE11D4C151BC178000F6BA5 /* ScriptingBridge.framework */; };
		BBE11D50151BC18F000F6BA5 /* ScriptingBridge.framework in Frameworks */ = {isa = PBXBuildFile; fileRef = BBE11D4C151BC178000F6BA5 /* ScriptingBridge.framework */; };
		BBE21B49151CD8B600804C7F /* itunes_add_missing.1 in CopyFiles */ = {isa = PBXBuildFile; fileRef = BBE21B47151CD89C00804C7F /* itunes_add_missing.1 */; };
		BBE21B5C151D00E700804C7F /* build_itunes_playlists.1 in CopyFiles */ = {isa = PBXBuildFile; fileRef = BBE21B52151CFF6F00804C7F /* build_itunes_playlists.1 */; };
		BBE65CE0151C853000D11CAC /* itunes_selection.1 in CopyFiles */ = {isa = PBXBuildFile; fileRef = BBE65CDE151C830500D11CAC /* itunes_selection.1 */; };
/* End PBXBuildFile section */

/* Begin PBXCopyFilesBuildPhase section */
		BB6A6E1E151BCD4100D702EA /* CopyFiles */ = {
			isa = PBXCopyFilesBuildPhase;
			buildActionMask = 2147483647;
			dstPath = /usr/share/man/man1/;
			dstSubfolderSpec = 0;
			files = (
			);
			runOnlyForDeploymentPostprocessing = 1;
		};
		BBE11CF9151BBFA8000F6BA5 /* CopyFiles */ = {
			isa = PBXCopyFilesBuildPhase;
			buildActionMask = 2147483647;
			dstPath = /usr/share/man/man1/;
			dstSubfolderSpec = 0;
			files = (
				BBE65CE0151C853000D11CAC /* itunes_selection.1 in CopyFiles */,
			);
			runOnlyForDeploymentPostprocessing = 1;
		};
		BBE11D0E151BC024000F6BA5 /* CopyFiles */ = {
			isa = PBXCopyFilesBuildPhase;
			buildActionMask = 2147483647;
			dstPath = /usr/share/man/man1/;
			dstSubfolderSpec = 0;
			files = (
				BB608BD8151CA5EA009B9031 /* make_itunes_playlist.1 in CopyFiles */,
			);
			runOnlyForDeploymentPostprocessing = 1;
		};
		BBE11D27151BC08A000F6BA5 /* CopyFiles */ = {
			isa = PBXCopyFilesBuildPhase;
			buildActionMask = 2147483647;
			dstPath = /usr/share/man/man1/;
			dstSubfolderSpec = 0;
			files = (
				BBE21B49151CD8B600804C7F /* itunes_add_missing.1 in CopyFiles */,
			);
			runOnlyForDeploymentPostprocessing = 1;
		};
		BBE11D3C151BC0CC000F6BA5 /* CopyFiles */ = {
			isa = PBXCopyFilesBuildPhase;
			buildActionMask = 2147483647;
			dstPath = /usr/share/man/man1/;
			dstSubfolderSpec = 0;
			files = (
				BBE21B5C151D00E700804C7F /* build_itunes_playlists.1 in CopyFiles */,
			);
			runOnlyForDeploymentPostprocessing = 1;
		};
/* End PBXCopyFilesBuildPhase section */

/* Begin PBXFileReference section */
		BB6A6E20151BCD4100D702EA /* add_to_itunes_library */ = {isa = PBXFileReference; explicitFileType = "compiled.mach-o.executable"; includeInIndex = 0; path = add_to_itunes_library; sourceTree = BUILT_PRODUCTS_DIR; };
		BB6A6E24151BCD4100D702EA /* main.m */ = {isa = PBXFileReference; lastKnownFileType = sourcecode.c.objc; path = main.m; sourceTree = "<group>"; };
		BB6A6E27151BCD4100D702EA /* add_to_itunes_library-Prefix.pch */ = {isa = PBXFileReference; lastKnownFileType = sourcecode.c.h; path = "add_to_itunes_library-Prefix.pch"; sourceTree = "<group>"; };
		BBE11CE9151BBF95000F6BA5 /* Foundation.framework */ = {isa = PBXFileReference; lastKnownFileType = wrapper.framework; name = Foundation.framework; path = System/Library/Frameworks/Foundation.framework; sourceTree = SDKROOT; };
		BBE11CEF151BBF95000F6BA5 /* itunes_tools-Prefix.pch */ = {isa = PBXFileReference; lastKnownFileType = sourcecode.c.h; path = "itunes_tools-Prefix.pch"; sourceTree = "<group>"; };
		BBE11CFB151BBFA8000F6BA5 /* itunes_selection */ = {isa = PBXFileReference; explicitFileType = "compiled.mach-o.executable"; includeInIndex = 0; path = itunes_selection; sourceTree = BUILT_PRODUCTS_DIR; };
		BBE11CFF151BBFA8000F6BA5 /* main.m */ = {isa = PBXFileReference; lastKnownFileType = sourcecode.c.objc; path = main.m; sourceTree = "<group>"; };
		BBE11D02151BBFA8000F6BA5 /* itunes_selection-Prefix.pch */ = {isa = PBXFileReference; lastKnownFileType = sourcecode.c.h; path = "itunes_selection-Prefix.pch"; sourceTree = "<group>"; };
		BBE11D10151BC024000F6BA5 /* make_itunes_playlist */ = {isa = PBXFileReference; explicitFileType = "compiled.mach-o.executable"; includeInIndex = 0; path = make_itunes_playlist; sourceTree = BUILT_PRODUCTS_DIR; };
		BBE11D14151BC024000F6BA5 /* main.m */ = {isa = PBXFileReference; lastKnownFileType = sourcecode.c.objc; path = main.m; sourceTree = "<group>"; };
		BBE11D17151BC024000F6BA5 /* make_itunes_playlist-Prefix.pch */ = {isa = PBXFileReference; lastKnownFileType = sourcecode.c.h; path = "make_itunes_playlist-Prefix.pch"; sourceTree = "<group>"; };
		BBE11D29151BC08A000F6BA5 /* itunes_add_missing */ = {isa = PBXFileReference; explicitFileType = "compiled.mach-o.executable"; includeInIndex = 0; path = itunes_add_missing; sourceTree = BUILT_PRODUCTS_DIR; };
		BBE11D2D151BC08A000F6BA5 /* main.m */ = {isa = PBXFileReference; lastKnownFileType = sourcecode.c.objc; path = main.m; sourceTree = "<group>"; };
		BBE11D30151BC08A000F6BA5 /* itunes_add_missing-Prefix.pch */ = {isa = PBXFileReference; lastKnownFileType = sourcecode.c.h; path = "itunes_add_missing-Prefix.pch"; sourceTree = "<group>"; };
		BBE11D3E151BC0CC000F6BA5 /* build_itunes_playlists */ = {isa = PBXFileReference; explicitFileType = "compiled.mach-o.executable"; includeInIndex = 0; path = build_itunes_playlists; sourceTree = BUILT_PRODUCTS_DIR; };
		BBE11D42151BC0CC000F6BA5 /* main.m */ = {isa = PBXFileReference; lastKnownFileType = sourcecode.c.objc; path = main.m; sourceTree = "<group>"; };
		BBE11D45151BC0CC000F6BA5 /* build_itunes_playlists-Prefix.pch */ = {isa = PBXFileReference; lastKnownFileType = sourcecode.c.h; path = "build_itunes_playlists-Prefix.pch"; sourceTree = "<group>"; };
		BBE11D4B151BC0FB000F6BA5 /* iTunes.h */ = {isa = PBXFileReference; fileEncoding = 4; lastKnownFileType = sourcecode.c.h; path = iTunes.h; sourceTree = "<group>"; };
		BBE11D4C151BC178000F6BA5 /* ScriptingBridge.framework */ = {isa = PBXFileReference; lastKnownFileType = wrapper.framework; name = ScriptingBridge.framework; path = System/Library/Frameworks/ScriptingBridge.framework; sourceTree = SDKROOT; };
		BBE21B47151CD89C00804C7F /* itunes_add_missing.1 */ = {isa = PBXFileReference; explicitFileType = text.man; fileEncoding = 4; path = itunes_add_missing.1; sourceTree = "<group>"; };
		BBE21B52151CFF6F00804C7F /* build_itunes_playlists.1 */ = {isa = PBXFileReference; explicitFileType = text.man; fileEncoding = 4; path = build_itunes_playlists.1; sourceTree = "<group>"; };
		BBE65CDE151C830500D11CAC /* itunes_selection.1 */ = {isa = PBXFileReference; explicitFileType = text.man; fileEncoding = 4; path = itunes_selection.1; sourceTree = "<group>"; };
		BBE65CE1151C865500D11CAC /* make_itunes_playlist.1 */ = {isa = PBXFileReference; explicitFileType = text.man; fileEncoding = 4; path = make_itunes_playlist.1; sourceTree = "<group>"; };
/* End PBXFileReference section */

/* Begin PBXFrameworksBuildPhase section */
		BB6A6E1D151BCD4100D702EA /* Frameworks */ = {
			isa = PBXFrameworksBuildPhase;
			buildActionMask = 2147483647;
			files = (
				BB6A6E2E151BCD5600D702EA /* ScriptingBridge.framework in Frameworks */,
				BB6A6E22151BCD4100D702EA /* Foundation.framework in Frameworks */,
			);
			runOnlyForDeploymentPostprocessing = 0;
		};
		BBE11CF8151BBFA8000F6BA5 /* Frameworks */ = {
			isa = PBXFrameworksBuildPhase;
			buildActionMask = 2147483647;
			files = (
				BBE11D4D151BC178000F6BA5 /* ScriptingBridge.framework in Frameworks */,
				BBE11CFD151BBFA8000F6BA5 /* Foundation.framework in Frameworks */,
			);
			runOnlyForDeploymentPostprocessing = 0;
		};
		BBE11D0D151BC024000F6BA5 /* Frameworks */ = {
			isa = PBXFrameworksBuildPhase;
			buildActionMask = 2147483647;
			files = (
				BBE11D4E151BC181000F6BA5 /* ScriptingBridge.framework in Frameworks */,
				BBE11D12151BC024000F6BA5 /* Foundation.framework in Frameworks */,
			);
			runOnlyForDeploymentPostprocessing = 0;
		};
		BBE11D26151BC08A000F6BA5 /* Frameworks */ = {
			isa = PBXFrameworksBuildPhase;
			buildActionMask = 2147483647;
			files = (
				BBE11D4F151BC188000F6BA5 /* ScriptingBridge.framework in Frameworks */,
				BBE11D2B151BC08A000F6BA5 /* Foundation.framework in Frameworks */,
			);
			runOnlyForDeploymentPostprocessing = 0;
		};
		BBE11D3B151BC0CC000F6BA5 /* Frameworks */ = {
			isa = PBXFrameworksBuildPhase;
			buildActionMask = 2147483647;
			files = (
				BBE11D50151BC18F000F6BA5 /* ScriptingBridge.framework in Frameworks */,
				BBE11D40151BC0CC000F6BA5 /* Foundation.framework in Frameworks */,
			);
			runOnlyForDeploymentPostprocessing = 0;
		};
/* End PBXFrameworksBuildPhase section */

/* Begin PBXGroup section */
		BB6A6E23151BCD4100D702EA /* add_to_itunes_library */ = {
			isa = PBXGroup;
			children = (
				BB6A6E24151BCD4100D702EA /* main.m */,
				BB6A6E26151BCD4100D702EA /* Supporting Files */,
			);
			path = add_to_itunes_library;
			sourceTree = "<group>";
		};
		BB6A6E26151BCD4100D702EA /* Supporting Files */ = {
			isa = PBXGroup;
			children = (
				BB6A6E27151BCD4100D702EA /* add_to_itunes_library-Prefix.pch */,
			);
			name = "Supporting Files";
			sourceTree = "<group>";
		};
		BBE11CDA151BBF95000F6BA5 = {
			isa = PBXGroup;
			children = (
				BBE11CEB151BBF95000F6BA5 /* itunes_tools */,
				BBE11CFE151BBFA8000F6BA5 /* itunes_selection */,
				BBE11D13151BC024000F6BA5 /* make_itunes_playlist */,
				BBE11D2C151BC08A000F6BA5 /* itunes_add_missing */,
				BBE11D41151BC0CC000F6BA5 /* build_itunes_playlists */,
				BB6A6E23151BCD4100D702EA /* add_to_itunes_library */,
				BBE11CE8151BBF95000F6BA5 /* Frameworks */,
				BBE11CE6151BBF95000F6BA5 /* Products */,
			);
			sourceTree = "<group>";
		};
		BBE11CE6151BBF95000F6BA5 /* Products */ = {
			isa = PBXGroup;
			children = (
				BBE11CFB151BBFA8000F6BA5 /* itunes_selection */,
				BBE11D10151BC024000F6BA5 /* make_itunes_playlist */,
				BBE11D29151BC08A000F6BA5 /* itunes_add_missing */,
				BBE11D3E151BC0CC000F6BA5 /* build_itunes_playlists */,
				BB6A6E20151BCD4100D702EA /* add_to_itunes_library */,
			);
			name = Products;
			sourceTree = "<group>";
		};
		BBE11CE8151BBF95000F6BA5 /* Frameworks */ = {
			isa = PBXGroup;
			children = (
				BBE11D4C151BC178000F6BA5 /* ScriptingBridge.framework */,
				BBE11CE9151BBF95000F6BA5 /* Foundation.framework */,
			);
			name = Frameworks;
			sourceTree = "<group>";
		};
		BBE11CEB151BBF95000F6BA5 /* itunes_tools */ = {
			isa = PBXGroup;
			children = (
				BBE11D4B151BC0FB000F6BA5 /* iTunes.h */,
				BBE11CEE151BBF95000F6BA5 /* Supporting Files */,
			);
			path = itunes_tools;
			sourceTree = "<group>";
		};
		BBE11CEE151BBF95000F6BA5 /* Supporting Files */ = {
			isa = PBXGroup;
			children = (
				BBE11CEF151BBF95000F6BA5 /* itunes_tools-Prefix.pch */,
			);
			name = "Supporting Files";
			sourceTree = "<group>";
		};
		BBE11CFE151BBFA8000F6BA5 /* itunes_selection */ = {
			isa = PBXGroup;
			children = (
				BBE11CFF151BBFA8000F6BA5 /* main.m */,
				BBE65CDE151C830500D11CAC /* itunes_selection.1 */,
				BBE11D01151BBFA8000F6BA5 /* Supporting Files */,
			);
			path = itunes_selection;
			sourceTree = "<group>";
		};
		BBE11D01151BBFA8000F6BA5 /* Supporting Files */ = {
			isa = PBXGroup;
			children = (
				BBE11D02151BBFA8000F6BA5 /* itunes_selection-Prefix.pch */,
			);
			name = "Supporting Files";
			sourceTree = "<group>";
		};
		BBE11D13151BC024000F6BA5 /* make_itunes_playlist */ = {
			isa = PBXGroup;
			children = (
				BBE11D14151BC024000F6BA5 /* main.m */,
				BBE11D16151BC024000F6BA5 /* Supporting Files */,
				BBE65CE1151C865500D11CAC /* make_itunes_playlist.1 */,
			);
			path = make_itunes_playlist;
			sourceTree = "<group>";
		};
		BBE11D16151BC024000F6BA5 /* Supporting Files */ = {
			isa = PBXGroup;
			children = (
				BBE11D17151BC024000F6BA5 /* make_itunes_playlist-Prefix.pch */,
			);
			name = "Supporting Files";
			sourceTree = "<group>";
		};
		BBE11D2C151BC08A000F6BA5 /* itunes_add_missing */ = {
			isa = PBXGroup;
			children = (
				BBE11D2D151BC08A000F6BA5 /* main.m */,
				BBE11D2F151BC08A000F6BA5 /* Supporting Files */,
				BBE21B47151CD89C00804C7F /* itunes_add_missing.1 */,
			);
			path = itunes_add_missing;
			sourceTree = "<group>";
		};
		BBE11D2F151BC08A000F6BA5 /* Supporting Files */ = {
			isa = PBXGroup;
			children = (
				BBE11D30151BC08A000F6BA5 /* itunes_add_missing-Prefix.pch */,
			);
			name = "Supporting Files";
			sourceTree = "<group>";
		};
		BBE11D41151BC0CC000F6BA5 /* build_itunes_playlists */ = {
			isa = PBXGroup;
			children = (
				BBE11D42151BC0CC000F6BA5 /* main.m */,
				BBE11D44151BC0CC000F6BA5 /* Supporting Files */,
				BBE21B52151CFF6F00804C7F /* build_itunes_playlists.1 */,
			);
			path = build_itunes_playlists;
			sourceTree = "<group>";
		};
		BBE11D44151BC0CC000F6BA5 /* Supporting Files */ = {
			isa = PBXGroup;
			children = (
				BBE11D45151BC0CC000F6BA5 /* build_itunes_playlists-Prefix.pch */,
			);
			name = "Supporting Files";
			sourceTree = "<group>";
		};
/* End PBXGroup section */

/* Begin PBXNativeTarget section */
		BB6A6E1F151BCD4100D702EA /* add_to_itunes_library */ = {
			isa = PBXNativeTarget;
			buildConfigurationList = BB6A6E2C151BCD4100D702EA /* Build configuration list for PBXNativeTarget "add_to_itunes_library" */;
			buildPhases = (
				BB6A6E1C151BCD4100D702EA /* Sources */,
				BB6A6E1D151BCD4100D702EA /* Frameworks */,
				BB6A6E1E151BCD4100D702EA /* CopyFiles */,
			);
			buildRules = (
			);
			dependencies = (
			);
			name = add_to_itunes_library;
			productName = add_to_itunes_library;
			productReference = BB6A6E20151BCD4100D702EA /* add_to_itunes_library */;
			productType = "com.apple.product-type.tool";
		};
		BBE11CFA151BBFA8000F6BA5 /* itunes_selection */ = {
			isa = PBXNativeTarget;
			buildConfigurationList = BBE11D05151BBFA8000F6BA5 /* Build configuration list for PBXNativeTarget "itunes_selection" */;
			buildPhases = (
				BBE11CF7151BBFA8000F6BA5 /* Sources */,
				BBE11CF8151BBFA8000F6BA5 /* Frameworks */,
				BBE11CF9151BBFA8000F6BA5 /* CopyFiles */,
			);
			buildRules = (
			);
			dependencies = (
			);
			name = itunes_selection;
			productName = itunes_selection;
			productReference = BBE11CFB151BBFA8000F6BA5 /* itunes_selection */;
			productType = "com.apple.product-type.tool";
		};
		BBE11D0F151BC024000F6BA5 /* make_itunes_playlist */ = {
			isa = PBXNativeTarget;
			buildConfigurationList = BBE11D1A151BC024000F6BA5 /* Build configuration list for PBXNativeTarget "make_itunes_playlist" */;
			buildPhases = (
				BBE11D0C151BC024000F6BA5 /* Sources */,
				BBE11D0D151BC024000F6BA5 /* Frameworks */,
				BBE11D0E151BC024000F6BA5 /* CopyFiles */,
			);
			buildRules = (
			);
			dependencies = (
			);
			name = make_itunes_playlist;
			productName = make_itunes_playlist;
			productReference = BBE11D10151BC024000F6BA5 /* make_itunes_playlist */;
			productType = "com.apple.product-type.tool";
		};
		BBE11D28151BC08A000F6BA5 /* itunes_add_missing */ = {
			isa = PBXNativeTarget;
			buildConfigurationList = BBE11D33151BC08A000F6BA5 /* Build configuration list for PBXNativeTarget "itunes_add_missing" */;
			buildPhases = (
				BBE11D25151BC08A000F6BA5 /* Sources */,
				BBE11D26151BC08A000F6BA5 /* Frameworks */,
				BBE11D27151BC08A000F6BA5 /* CopyFiles */,
			);
			buildRules = (
			);
			dependencies = (
			);
			name = itunes_add_missing;
			productName = itunes_add_missing;
			productReference = BBE11D29151BC08A000F6BA5 /* itunes_add_missing */;
			productType = "com.apple.product-type.tool";
		};
		BBE11D3D151BC0CC000F6BA5 /* build_itunes_playlists */ = {
			isa = PBXNativeTarget;
			buildConfigurationList = BBE11D48151BC0CC000F6BA5 /* Build configuration list for PBXNativeTarget "build_itunes_playlists" */;
			buildPhases = (
				BBE11D3A151BC0CC000F6BA5 /* Sources */,
				BBE11D3B151BC0CC000F6BA5 /* Frameworks */,
				BBE11D3C151BC0CC000F6BA5 /* CopyFiles */,
			);
			buildRules = (
			);
			dependencies = (
			);
			name = build_itunes_playlists;
			productName = build_itunes_playlists;
			productReference = BBE11D3E151BC0CC000F6BA5 /* build_itunes_playlists */;
			productType = "com.apple.product-type.tool";
		};
/* End PBXNativeTarget section */

/* Begin PBXProject section */
		BBE11CDC151BBF95000F6BA5 /* Project object */ = {
			isa = PBXProject;
			attributes = {
				LastUpgradeCheck = 0420;
			};
			buildConfigurationList = BBE11CDF151BBF95000F6BA5 /* Build configuration list for PBXProject "itunes_tools" */;
			compatibilityVersion = "Xcode 3.2";
			developmentRegion = English;
			hasScannedForEncodings = 0;
			knownRegions = (
				en,
			);
			mainGroup = BBE11CDA151BBF95000F6BA5;
			productRefGroup = BBE11CE6151BBF95000F6BA5 /* Products */;
			projectDirPath = "";
			projectRoot = "";
			targets = (
				BBE11CFA151BBFA8000F6BA5 /* itunes_selection */,
				BBE11D0F151BC024000F6BA5 /* make_itunes_playlist */,
				BBE11D28151BC08A000F6BA5 /* itunes_add_missing */,
				BBE11D3D151BC0CC000F6BA5 /* build_itunes_playlists */,
				BB6A6E1F151BCD4100D702EA /* add_to_itunes_library */,
			);
		};
/* End PBXProject section */

/* Begin PBXSourcesBuildPhase section */
		BB6A6E1C151BCD4100D702EA /* Sources */ = {
			isa = PBXSourcesBuildPhase;
			buildActionMask = 2147483647;
			files = (
				BB6A6E25151BCD4100D702EA /* main.m in Sources */,
			);
			runOnlyForDeploymentPostprocessing = 0;
		};
		BBE11CF7151BBFA8000F6BA5 /* Sources */ = {
			isa = PBXSourcesBuildPhase;
			buildActionMask = 2147483647;
			files = (
				BBE11D00151BBFA8000F6BA5 /* main.m in Sources */,
			);
			runOnlyForDeploymentPostprocessing = 0;
		};
		BBE11D0C151BC024000F6BA5 /* Sources */ = {
			isa = PBXSourcesBuildPhase;
			buildActionMask = 2147483647;
			files = (
				BBE11D15151BC024000F6BA5 /* main.m in Sources */,
			);
			runOnlyForDeploymentPostprocessing = 0;
		};
		BBE11D25151BC08A000F6BA5 /* Sources */ = {
			isa = PBXSourcesBuildPhase;
			buildActionMask = 2147483647;
			files = (
				BBE11D2E151BC08A000F6BA5 /* main.m in Sources */,
			);
			runOnlyForDeploymentPostprocessing = 0;
		};
		BBE11D3A151BC0CC000F6BA5 /* Sources */ = {
			isa = PBXSourcesBuildPhase;
			buildActionMask = 2147483647;
			files = (
				BBE11D43151BC0CC000F6BA5 /* main.m in Sources */,
			);
			runOnlyForDeploymentPostprocessing = 0;
		};
/* End PBXSourcesBuildPhase section */

/* Begin XCBuildConfiguration section */
		BB6A6E2A151BCD4100D702EA /* Debug */ = {
			isa = XCBuildConfiguration;
			buildSettings = {
				ARCHS = "$(ARCHS_STANDARD_32_64_BIT)";
				GCC_PRECOMPILE_PREFIX_HEADER = YES;
				GCC_PREFIX_HEADER = "add_to_itunes_library/add_to_itunes_library-Prefix.pch";
				MACOSX_DEPLOYMENT_TARGET = 10.4;
				PRODUCT_NAME = "$(TARGET_NAME)";
			};
			name = Debug;
		};
		BB6A6E2B151BCD4100D702EA /* Release */ = {
			isa = XCBuildConfiguration;
			buildSettings = {
				ARCHS = "$(ARCHS_STANDARD_32_64_BIT)";
				GCC_PRECOMPILE_PREFIX_HEADER = YES;
				GCC_PREFIX_HEADER = "add_to_itunes_library/add_to_itunes_library-Prefix.pch";
				MACOSX_DEPLOYMENT_TARGET = 10.4;
				PRODUCT_NAME = "$(TARGET_NAME)";
			};
			name = Release;
		};
		BBE11CF2151BBF95000F6BA5 /* Debug */ = {
			isa = XCBuildConfiguration;
			buildSettings = {
				ALWAYS_SEARCH_USER_PATHS = NO;
				ARCHS = "$(ARCHS_STANDARD_32_64_BIT)";
				COPY_PHASE_STRIP = NO;
				GCC_C_LANGUAGE_STANDARD = gnu99;
				GCC_DYNAMIC_NO_PIC = NO;
				GCC_ENABLE_OBJC_EXCEPTIONS = YES;
				GCC_OPTIMIZATION_LEVEL = 0;
				GCC_PREPROCESSOR_DEFINITIONS = (
					"DEBUG=1",
					"$(inherited)",
				);
				GCC_SYMBOLS_PRIVATE_EXTERN = NO;
				GCC_VERSION = com.apple.compilers.llvm.clang.1_0;
				GCC_WARN_64_TO_32_BIT_CONVERSION = YES;
				GCC_WARN_ABOUT_MISSING_PROTOTYPES = YES;
				GCC_WARN_ABOUT_RETURN_TYPE = YES;
				GCC_WARN_UNUSED_VARIABLE = YES;
				MACOSX_DEPLOYMENT_TARGET = 10.4;
				ONLY_ACTIVE_ARCH = YES;
				SDKROOT = macosx;
			};
			name = Debug;
		};
		BBE11CF3151BBF95000F6BA5 /* Release */ = {
			isa = XCBuildConfiguration;
			buildSettings = {
				ALWAYS_SEARCH_USER_PATHS = NO;
				ARCHS = "$(ARCHS_STANDARD_32_64_BIT)";
				COPY_PHASE_STRIP = YES;
				DEBUG_INFORMATION_FORMAT = "dwarf-with-dsym";
				GCC_C_LANGUAGE_STANDARD = gnu99;
				GCC_ENABLE_OBJC_EXCEPTIONS = YES;
				GCC_VERSION = com.apple.compilers.llvm.clang.1_0;
				GCC_WARN_64_TO_32_BIT_CONVERSION = YES;
				GCC_WARN_ABOUT_MISSING_PROTOTYPES = YES;
				GCC_WARN_ABOUT_RETURN_TYPE = YES;
				GCC_WARN_UNUSED_VARIABLE = YES;
				MACOSX_DEPLOYMENT_TARGET = 10.4;
				SDKROOT = macosx;
			};
			name = Release;
		};
		BBE11D06151BBFA8000F6BA5 /* Debug */ = {
			isa = XCBuildConfiguration;
			buildSettings = {
				ARCHS = "$(ARCHS_STANDARD_32_64_BIT)";
				GCC_PRECOMPILE_PREFIX_HEADER = YES;
				GCC_PREFIX_HEADER = "itunes_selection/itunes_selection-Prefix.pch";
				MACOSX_DEPLOYMENT_TARGET = 10.4;
				PRODUCT_NAME = "$(TARGET_NAME)";
			};
			name = Debug;
		};
		BBE11D07151BBFA8000F6BA5 /* Release */ = {
			isa = XCBuildConfiguration;
			buildSettings = {
				ARCHS = "$(ARCHS_STANDARD_32_64_BIT)";
				GCC_PRECOMPILE_PREFIX_HEADER = YES;
				GCC_PREFIX_HEADER = "itunes_selection/itunes_selection-Prefix.pch";
				MACOSX_DEPLOYMENT_TARGET = 10.4;
				PRODUCT_NAME = "$(TARGET_NAME)";
			};
			name = Release;
		};
		BBE11D1B151BC024000F6BA5 /* Debug */ = {
			isa = XCBuildConfiguration;
			buildSettings = {
				ARCHS = "$(ARCHS_STANDARD_32_64_BIT)";
				GCC_PRECOMPILE_PREFIX_HEADER = YES;
				GCC_PREFIX_HEADER = "make_itunes_playlist/make_itunes_playlist-Prefix.pch";
				MACOSX_DEPLOYMENT_TARGET = 10.4;
				PRODUCT_NAME = "$(TARGET_NAME)";
			};
			name = Debug;
		};
		BBE11D1C151BC024000F6BA5 /* Release */ = {
			isa = XCBuildConfiguration;
			buildSettings = {
				ARCHS = "$(ARCHS_STANDARD_32_64_BIT)";
				GCC_PRECOMPILE_PREFIX_HEADER = YES;
				GCC_PREFIX_HEADER = "make_itunes_playlist/make_itunes_playlist-Prefix.pch";
				MACOSX_DEPLOYMENT_TARGET = 10.4;
				PRODUCT_NAME = "$(TARGET_NAME)";
			};
			name = Release;
		};
		BBE11D34151BC08A000F6BA5 /* Debug */ = {
			isa = XCBuildConfiguration;
			buildSettings = {
				ARCHS = "$(ARCHS_STANDARD_32_64_BIT)";
				GCC_PRECOMPILE_PREFIX_HEADER = YES;
				GCC_PREFIX_HEADER = "itunes_add_missing/itunes_add_missing-Prefix.pch";
				MACOSX_DEPLOYMENT_TARGET = 10.4;
				PRODUCT_NAME = "$(TARGET_NAME)";
			};
			name = Debug;
		};
		BBE11D35151BC08A000F6BA5 /* Release */ = {
			isa = XCBuildConfiguration;
			buildSettings = {
				ARCHS = "$(ARCHS_STANDARD_32_64_BIT)";
				GCC_PRECOMPILE_PREFIX_HEADER = YES;
				GCC_PREFIX_HEADER = "itunes_add_missing/itunes_add_missing-Prefix.pch";
				MACOSX_DEPLOYMENT_TARGET = 10.4;
				PRODUCT_NAME = "$(TARGET_NAME)";
			};
			name = Release;
		};
		BBE11D49151BC0CC000F6BA5 /* Debug */ = {
			isa = XCBuildConfiguration;
			buildSettings = {
				ARCHS = "$(ARCHS_STANDARD_32_64_BIT)";
				GCC_PRECOMPILE_PREFIX_HEADER = YES;
				GCC_PREFIX_HEADER = "build_itunes_playlists/build_itunes_playlists-Prefix.pch";
				MACOSX_DEPLOYMENT_TARGET = 10.4;
				PRODUCT_NAME = "$(TARGET_NAME)";
			};
			name = Debug;
		};
		BBE11D4A151BC0CC000F6BA5 /* Release */ = {
			isa = XCBuildConfiguration;
			buildSettings = {
				ARCHS = "$(ARCHS_STANDARD_32_64_BIT)";
				GCC_PRECOMPILE_PREFIX_HEADER = YES;
				GCC_PREFIX_HEADER = "build_itunes_playlists/build_itunes_playlists-Prefix.pch";
				MACOSX_DEPLOYMENT_TARGET = 10.4;
				PRODUCT_NAME = "$(TARGET_NAME)";
			};
			name = Release;
		};
/* End XCBuildConfiguration section */

/* Begin XCConfigurationList section */
		BB6A6E2C151BCD4100D702EA /* Build configuration list for PBXNativeTarget "add_to_itunes_library" */ = {
			isa = XCConfigurationList;
			buildConfigurations = (
				BB6A6E2A151BCD4100D702EA /* Debug */,
				BB6A6E2B151BCD4100D702EA /* Release */,
			);
			defaultConfigurationIsVisible = 0;
			defaultConfigurationName = Release;
		};
		BBE11CDF151BBF95000F6BA5 /* Build configuration list for PBXProject "itunes_tools" */ = {
			isa = XCConfigurationList;
			buildConfigurations = (
				BBE11CF2151BBF95000F6BA5 /* Debug */,
				BBE11CF3151BBF95000F6BA5 /* Release */,
			);
			defaultConfigurationIsVisible = 0;
			defaultConfigurationName = Release;
		};
		BBE11D05151BBFA8000F6BA5 /* Build configuration list for PBXNativeTarget "itunes_selection" */ = {
			isa = XCConfigurationList;
			buildConfigurations = (
				BBE11D06151BBFA8000F6BA5 /* Debug */,
				BBE11D07151BBFA8000F6BA5 /* Release */,
			);
			defaultConfigurationIsVisible = 0;
			defaultConfigurationName = Release;
		};
		BBE11D1A151BC024000F6BA5 /* Build configuration list for PBXNativeTarget "make_itunes_playlist" */ = {
			isa = XCConfigurationList;
			buildConfigurations = (
				BBE11D1B151BC024000F6BA5 /* Debug */,
				BBE11D1C151BC024000F6BA5 /* Release */,
			);
			defaultConfigurationIsVisible = 0;
			defaultConfigurationName = Release;
		};
		BBE11D33151BC08A000F6BA5 /* Build configuration list for PBXNativeTarget "itunes_add_missing" */ = {
			isa = XCConfigurationList;
			buildConfigurations = (
				BBE11D34151BC08A000F6BA5 /* Debug */,
				BBE11D35151BC08A000F6BA5 /* Release */,
			);
			defaultConfigurationIsVisible = 0;
			defaultConfigurationName = Release;
		};
		BBE11D48151BC0CC000F6BA5 /* Build configuration list for PBXNativeTarget "build_itunes_playlists" */ = {
			isa = XCConfigurationList;
			buildConfigurations = (
				BBE11D49151BC0CC000F6BA5 /* Debug */,
				BBE11D4A151BC0CC000F6BA5 /* Release */,
			);
			defaultConfigurationIsVisible = 0;
			defaultConfigurationName = Release;
		};
/* End XCConfigurationList section */
	};
	rootObject = BBE11CDC151BBF95000F6BA5 /* Project object */;
}
